{
  "name": "@wynenterprise/sign-sbom",
  "version": "1.0.4",
  "lockfileVersion": 3,
  "requires": true,
  "packages": {
    "": {
      "name": "@wynenterprise/sign-sbom",
      "version": "1.0.4",
      "license": "MIT",
      "dependencies": {
        "canonicalize": "2.1.0"
      },
      "bin": {
        "sign-sbom": "src/cli.js"
      },
      "engines": {
        "node": ">=18"
      }
    },
    "node_modules/canonicalize": {
      "version": "2.1.0",
      "resolved": "https://registry.npmjs.org/canonicalize/-/canonicalize-2.1.0.tgz",
      "integrity": "sha512-F705O3xrsUtgt98j7leetNhTWPe+5S72rlL5O4jA1pKqBVQ/dT1O1D6PFxmSXvc0SUOinWS57DKx0I3CHrXJHQ==",
      "license": "Apache-2.0",
      "bin": {
        "canonicalize": "bin/canonicalize.js"
      }
    }
  }
}
